// !$*UTF8*$!
{
	archiveVersion = 1;
	classes = {
	};
	objectVersion = 56;
	objects = {

/* Begin PBXBuildFile section */
		6A0173A028FA0A690008A6E8 /* AppDelegate.swift in Sources */ = {isa = PBXBuildFile; fileRef = 6A01739F28FA0A690008A6E8 /* AppDelegate.swift */; };
		6A0173A228FA0A690008A6E8 /* SceneDelegate.swift in Sources */ = {isa = PBXBuildFile; fileRef = 6A0173A128FA0A690008A6E8 /* SceneDelegate.swift */; };
		6A0173A728FA0A690008A6E8 /* Main.storyboard in Resources */ = {isa = PBXBuildFile; fileRef = 6A0173A528FA0A690008A6E8 /* Main.storyboard */; };
		6A0173A928FA0A6A0008A6E8 /* Assets.xcassets in Resources */ = {isa = PBXBuildFile; fileRef = 6A0173A828FA0A6A0008A6E8 /* Assets.xcassets */; };
		6A0173AC28FA0A6A0008A6E8 /* LaunchScreen.storyboard in Resources */ = {isa = PBXBuildFile; fileRef = 6A0173AA28FA0A6A0008A6E8 /* LaunchScreen.storyboard */; };
		6A0173B528FA0FD70008A6E8 /* CoreBluetooth.framework in Frameworks */ = {isa = PBXBuildFile; fileRef = 6A0173B428FA0FD70008A6E8 /* CoreBluetooth.framework */; };
		6A0173BC28FA13140008A6E8 /* Settings.storyboard in Resources */ = {isa = PBXBuildFile; fileRef = 6A0173BB28FA13140008A6E8 /* Settings.storyboard */; };
		6A0173BF28FA15B40008A6E8 /* Devices.storyboard in Resources */ = {isa = PBXBuildFile; fileRef = 6A0173BE28FA15B40008A6E8 /* Devices.storyboard */; };
		6A0173C128FA165F0008A6E8 /* DeviceTableViewController.swift in Sources */ = {isa = PBXBuildFile; fileRef = 6A0173C028FA165F0008A6E8 /* DeviceTableViewController.swift */; };
		6A0173C428FA19770008A6E8 /* JGProgressHUD in Frameworks */ = {isa = PBXBuildFile; productRef = 6A0173C328FA19770008A6E8 /* JGProgressHUD */; };
		6A0173C728FA19980008A6E8 /* Drops in Frameworks */ = {isa = PBXBuildFile; productRef = 6A0173C628FA19980008A6E8 /* Drops */; };
		6A0173CA28FA1ACC0008A6E8 /* SPConfetti in Frameworks */ = {isa = PBXBuildFile; productRef = 6A0173C928FA1ACC0008A6E8 /* SPConfetti */; };
		6A0173CD28FA1AD80008A6E8 /* HGCircularSlider in Frameworks */ = {isa = PBXBuildFile; productRef = 6A0173CC28FA1AD80008A6E8 /* HGCircularSlider */; };
		6A0173D028FA1C870008A6E8 /* Pairing.storyboard in Resources */ = {isa = PBXBuildFile; fileRef = 6A0173CF28FA1C870008A6E8 /* Pairing.storyboard */; };
		6A0173D228FA1DAB0008A6E8 /* PairingViewController.swift in Sources */ = {isa = PBXBuildFile; fileRef = 6A0173D128FA1DAB0008A6E8 /* PairingViewController.swift */; };
		6ABC30BA28FA1E9500525475 /* BluetoothPermission in Frameworks */ = {isa = PBXBuildFile; productRef = 6ABC30B928FA1E9500525475 /* BluetoothPermission */; };
		6ABC30BC28FA203700525475 /* SupportedDevicesTableViewController.swift in Sources */ = {isa = PBXBuildFile; fileRef = 6ABC30BB28FA203700525475 /* SupportedDevicesTableViewController.swift */; };
		6ABC30BE28FA205B00525475 /* Supported Devices.plist in Resources */ = {isa = PBXBuildFile; fileRef = 6ABC30BD28FA205B00525475 /* Supported Devices.plist */; };
		6ABC30C128FA2F2300525475 /* PaxPairingViewController.swift in Sources */ = {isa = PBXBuildFile; fileRef = 6ABC30C028FA2F2300525475 /* PaxPairingViewController.swift */; };
		6ABC30C328FA31E200525475 /* PairingPax.storyboard in Resources */ = {isa = PBXBuildFile; fileRef = 6ABC30C228FA31E200525475 /* PairingPax.storyboard */; };
		6ABC30C528FA368500525475 /* PaxPairingTableViewController.swift in Sources */ = {isa = PBXBuildFile; fileRef = 6ABC30C428FA368500525475 /* PaxPairingTableViewController.swift */; };
		6ABC30C728FA416400525475 /* PaxPairingCompletionViewController.swift in Sources */ = {isa = PBXBuildFile; fileRef = 6ABC30C628FA416400525475 /* PaxPairingCompletionViewController.swift */; };
		6ABC30D028FA47C400525475 /* PaxMessage.swift in Sources */ = {isa = PBXBuildFile; fileRef = 6ABC30CB28FA47C400525475 /* PaxMessage.swift */; };
		6ABC30D128FA47C400525475 /* PaxDevice.swift in Sources */ = {isa = PBXBuildFile; fileRef = 6ABC30CC28FA47C400525475 /* PaxDevice.swift */; };
		6ABC30D228FA47C400525475 /* PaxDeviceProber.swift in Sources */ = {isa = PBXBuildFile; fileRef = 6ABC30CD28FA47C400525475 /* PaxDeviceProber.swift */; };
		6ABC30D328FA47C400525475 /* Pax3Device.swift in Sources */ = {isa = PBXBuildFile; fileRef = 6ABC30CE28FA47C400525475 /* Pax3Device.swift */; };
		6ABC30D428FA47C400525475 /* PaxEraDevice.swift in Sources */ = {isa = PBXBuildFile; fileRef = 6ABC30CF28FA47C400525475 /* PaxEraDevice.swift */; };
		6ABC30D728FA47E600525475 /* CryptoSwift in Frameworks */ = {isa = PBXBuildFile; productRef = 6ABC30D628FA47E600525475 /* CryptoSwift */; };
		6ABC30DA28FA482900525475 /* DataHelpers.swift in Sources */ = {isa = PBXBuildFile; fileRef = 6ABC30D928FA482900525475 /* DataHelpers.swift */; };
/* End PBXBuildFile section */

/* Begin PBXFileReference section */
		6A01739C28FA0A690008A6E8 /* Kush Kontroller.app */ = {isa = PBXFileReference; explicitFileType = wrapper.application; includeInIndex = 0; path = "Kush Kontroller.app"; sourceTree = BUILT_PRODUCTS_DIR; };
		6A01739F28FA0A690008A6E8 /* AppDelegate.swift */ = {isa = PBXFileReference; lastKnownFileType = sourcecode.swift; path = AppDelegate.swift; sourceTree = "<group>"; };
		6A0173A128FA0A690008A6E8 /* SceneDelegate.swift */ = {isa = PBXFileReference; lastKnownFileType = sourcecode.swift; path = SceneDelegate.swift; sourceTree = "<group>"; };
		6A0173A628FA0A690008A6E8 /* Base */ = {isa = PBXFileReference; lastKnownFileType = file.storyboard; name = Base; path = Base.lproj/Main.storyboard; sourceTree = "<group>"; };
		6A0173A828FA0A6A0008A6E8 /* Assets.xcassets */ = {isa = PBXFileReference; lastKnownFileType = folder.assetcatalog; path = Assets.xcassets; sourceTree = "<group>"; };
		6A0173AB28FA0A6A0008A6E8 /* Base */ = {isa = PBXFileReference; lastKnownFileType = file.storyboard; name = Base; path = Base.lproj/LaunchScreen.storyboard; sourceTree = "<group>"; };
		6A0173AD28FA0A6A0008A6E8 /* Info.plist */ = {isa = PBXFileReference; lastKnownFileType = text.plist.xml; path = Info.plist; sourceTree = "<group>"; };
		6A0173B428FA0FD70008A6E8 /* CoreBluetooth.framework */ = {isa = PBXFileReference; lastKnownFileType = wrapper.framework; name = CoreBluetooth.framework; path = System/Library/Frameworks/CoreBluetooth.framework; sourceTree = SDKROOT; };
		6A0173BB28FA13140008A6E8 /* Settings.storyboard */ = {isa = PBXFileReference; lastKnownFileType = file.storyboard; path = Settings.storyboard; sourceTree = "<group>"; };
		6A0173BE28FA15B40008A6E8 /* Devices.storyboard */ = {isa = PBXFileReference; lastKnownFileType = file.storyboard; path = Devices.storyboard; sourceTree = "<group>"; };
		6A0173C028FA165F0008A6E8 /* DeviceTableViewController.swift */ = {isa = PBXFileReference; lastKnownFileType = sourcecode.swift; path = DeviceTableViewController.swift; sourceTree = "<group>"; };
		6A0173CF28FA1C870008A6E8 /* Pairing.storyboard */ = {isa = PBXFileReference; lastKnownFileType = file.storyboard; path = Pairing.storyboard; sourceTree = "<group>"; };
		6A0173D128FA1DAB0008A6E8 /* PairingViewController.swift */ = {isa = PBXFileReference; lastKnownFileType = sourcecode.swift; path = PairingViewController.swift; sourceTree = "<group>"; };
		6ABC30BB28FA203700525475 /* SupportedDevicesTableViewController.swift */ = {isa = PBXFileReference; lastKnownFileType = sourcecode.swift; path = SupportedDevicesTableViewController.swift; sourceTree = "<group>"; };
		6ABC30BD28FA205B00525475 /* Supported Devices.plist */ = {isa = PBXFileReference; lastKnownFileType = text.plist.xml; path = "Supported Devices.plist"; sourceTree = "<group>"; };
		6ABC30C028FA2F2300525475 /* PaxPairingViewController.swift */ = {isa = PBXFileReference; lastKnownFileType = sourcecode.swift; path = PaxPairingViewController.swift; sourceTree = "<group>"; };
		6ABC30C228FA31E200525475 /* PairingPax.storyboard */ = {isa = PBXFileReference; lastKnownFileType = file.storyboard; path = PairingPax.storyboard; sourceTree = "<group>"; };
		6ABC30C428FA368500525475 /* PaxPairingTableViewController.swift */ = {isa = PBXFileReference; lastKnownFileType = sourcecode.swift; path = PaxPairingTableViewController.swift; sourceTree = "<group>"; };
		6ABC30C628FA416400525475 /* PaxPairingCompletionViewController.swift */ = {isa = PBXFileReference; lastKnownFileType = sourcecode.swift; path = PaxPairingCompletionViewController.swift; sourceTree = "<group>"; };
		6ABC30CB28FA47C400525475 /* PaxMessage.swift */ = {isa = PBXFileReference; fileEncoding = 4; lastKnownFileType = sourcecode.swift; path = PaxMessage.swift; sourceTree = "<group>"; };
		6ABC30CC28FA47C400525475 /* PaxDevice.swift */ = {isa = PBXFileReference; fileEncoding = 4; lastKnownFileType = sourcecode.swift; path = PaxDevice.swift; sourceTree = "<group>"; };
		6ABC30CD28FA47C400525475 /* PaxDeviceProber.swift */ = {isa = PBXFileReference; fileEncoding = 4; lastKnownFileType = sourcecode.swift; path = PaxDeviceProber.swift; sourceTree = "<group>"; };
		6ABC30CE28FA47C400525475 /* Pax3Device.swift */ = {isa = PBXFileReference; fileEncoding = 4; lastKnownFileType = sourcecode.swift; path = Pax3Device.swift; sourceTree = "<group>"; };
		6ABC30CF28FA47C400525475 /* PaxEraDevice.swift */ = {isa = PBXFileReference; fileEncoding = 4; lastKnownFileType = sourcecode.swift; path = PaxEraDevice.swift; sourceTree = "<group>"; };
		6ABC30D928FA482900525475 /* DataHelpers.swift */ = {isa = PBXFileReference; fileEncoding = 4; lastKnownFileType = sourcecode.swift; path = DataHelpers.swift; sourceTree = "<group>"; };
/* End PBXFileReference section */

/* Begin PBXFrameworksBuildPhase section */
		6A01739928FA0A690008A6E8 /* Frameworks */ = {
			isa = PBXFrameworksBuildPhase;
			buildActionMask = 2147483647;
			files = (
				6A0173C728FA19980008A6E8 /* Drops in Frameworks */,
				6A0173CD28FA1AD80008A6E8 /* HGCircularSlider in Frameworks */,
				6A0173CA28FA1ACC0008A6E8 /* SPConfetti in Frameworks */,
				6A0173C428FA19770008A6E8 /* JGProgressHUD in Frameworks */,
				6ABC30BA28FA1E9500525475 /* BluetoothPermission in Frameworks */,
				6A0173B528FA0FD70008A6E8 /* CoreBluetooth.framework in Frameworks */,
				6ABC30D728FA47E600525475 /* CryptoSwift in Frameworks */,
			);
			runOnlyForDeploymentPostprocessing = 0;
		};
/* End PBXFrameworksBuildPhase section */

/* Begin PBXGroup section */
		6A01739328FA0A680008A6E8 = {
			isa = PBXGroup;
			children = (
				6A01739E28FA0A690008A6E8 /* Kush Kontroller */,
				6A01739D28FA0A690008A6E8 /* Products */,
				6A0173B328FA0FD60008A6E8 /* Frameworks */,
			);
			sourceTree = "<group>";
		};
		6A01739D28FA0A690008A6E8 /* Products */ = {
			isa = PBXGroup;
			children = (
				6A01739C28FA0A690008A6E8 /* Kush Kontroller.app */,
			);
			name = Products;
			sourceTree = "<group>";
		};
		6A01739E28FA0A690008A6E8 /* Kush Kontroller */ = {
			isa = PBXGroup;
			children = (
				6ABC30D828FA482200525475 /* Support */,
				6ABC30C828FA472500525475 /* iPhone UI */,
				6ABC30C928FA477400525475 /* Device Interfacing */,
				6A0173B928FA10B00008A6E8 /* App */,
				6A0173B728FA10410008A6E8 /* Assets */,
			);
			path = "Kush Kontroller";
			sourceTree = "<group>";
		};
		6A0173B328FA0FD60008A6E8 /* Frameworks */ = {
			isa = PBXGroup;
			children = (
				6A0173B428FA0FD70008A6E8 /* CoreBluetooth.framework */,
			);
			name = Frameworks;
			sourceTree = "<group>";
		};
		6A0173B728FA10410008A6E8 /* Assets */ = {
			isa = PBXGroup;
			children = (
				6A0173A828FA0A6A0008A6E8 /* Assets.xcassets */,
				6A0173AD28FA0A6A0008A6E8 /* Info.plist */,
				6A0173AA28FA0A6A0008A6E8 /* LaunchScreen.storyboard */,
			);
			path = Assets;
			sourceTree = "<group>";
		};
		6A0173B828FA109A0008A6E8 /* Main View */ = {
			isa = PBXGroup;
			children = (
				6A0173A528FA0A690008A6E8 /* Main.storyboard */,
			);
			path = "Main View";
			sourceTree = "<group>";
		};
		6A0173B928FA10B00008A6E8 /* App */ = {
			isa = PBXGroup;
			children = (
				6A0173A128FA0A690008A6E8 /* SceneDelegate.swift */,
				6A01739F28FA0A690008A6E8 /* AppDelegate.swift */,
			);
			path = App;
			sourceTree = "<group>";
		};
		6A0173BA28FA13050008A6E8 /* Settings */ = {
			isa = PBXGroup;
			children = (
				6A0173BB28FA13140008A6E8 /* Settings.storyboard */,
			);
			path = Settings;
			sourceTree = "<group>";
		};
		6A0173BD28FA15A90008A6E8 /* Device Control */ = {
			isa = PBXGroup;
			children = (
				6A0173BE28FA15B40008A6E8 /* Devices.storyboard */,
				6A0173C028FA165F0008A6E8 /* DeviceTableViewController.swift */,
			);
			path = "Device Control";
			sourceTree = "<group>";
		};
		6A0173CE28FA1C770008A6E8 /* Device Pairing */ = {
			isa = PBXGroup;
			children = (
				6A0173CF28FA1C870008A6E8 /* Pairing.storyboard */,
				6A0173D128FA1DAB0008A6E8 /* PairingViewController.swift */,
				6ABC30BB28FA203700525475 /* SupportedDevicesTableViewController.swift */,
				6ABC30BF28FA2F0F00525475 /* Implementations */,
			);
			path = "Device Pairing";
			sourceTree = "<group>";
		};
		6ABC30BF28FA2F0F00525475 /* Implementations */ = {
			isa = PBXGroup;
			children = (
				6ABC30C028FA2F2300525475 /* PaxPairingViewController.swift */,
				6ABC30C228FA31E200525475 /* PairingPax.storyboard */,
				6ABC30C428FA368500525475 /* PaxPairingTableViewController.swift */,
				6ABC30C628FA416400525475 /* PaxPairingCompletionViewController.swift */,
			);
			path = Implementations;
			sourceTree = "<group>";
		};
		6ABC30C828FA472500525475 /* iPhone UI */ = {
			isa = PBXGroup;
			children = (
				6A0173B828FA109A0008A6E8 /* Main View */,
				6A0173BA28FA13050008A6E8 /* Settings */,
				6A0173BD28FA15A90008A6E8 /* Device Control */,
				6A0173CE28FA1C770008A6E8 /* Device Pairing */,
			);
			path = "iPhone UI";
			sourceTree = "<group>";
		};
		6ABC30C928FA477400525475 /* Device Interfacing */ = {
			isa = PBXGroup;
			children = (
				6ABC30CA28FA477D00525475 /* Pax */,
				6ABC30BD28FA205B00525475 /* Supported Devices.plist */,
			);
			path = "Device Interfacing";
			sourceTree = "<group>";
		};
		6ABC30CA28FA477D00525475 /* Pax */ = {
			isa = PBXGroup;
			children = (
				6ABC30CE28FA47C400525475 /* Pax3Device.swift */,
				6ABC30CC28FA47C400525475 /* PaxDevice.swift */,
				6ABC30CD28FA47C400525475 /* PaxDeviceProber.swift */,
				6ABC30CF28FA47C400525475 /* PaxEraDevice.swift */,
				6ABC30CB28FA47C400525475 /* PaxMessage.swift */,
			);
			path = Pax;
			sourceTree = "<group>";
		};
		6ABC30D828FA482200525475 /* Support */ = {
			isa = PBXGroup;
			children = (
				6ABC30D928FA482900525475 /* DataHelpers.swift */,
			);
			path = Support;
			sourceTree = "<group>";
		};
/* End PBXGroup section */

/* Begin PBXNativeTarget section */
		6A01739B28FA0A690008A6E8 /* Kush Kontroller */ = {
			isa = PBXNativeTarget;
			buildConfigurationList = 6A0173B028FA0A6A0008A6E8 /* Build configuration list for PBXNativeTarget "Kush Kontroller" */;
			buildPhases = (
				6A01739828FA0A690008A6E8 /* Sources */,
				6A01739928FA0A690008A6E8 /* Frameworks */,
				6A01739A28FA0A690008A6E8 /* Resources */,
			);
			buildRules = (
			);
			dependencies = (
			);
			name = "Kush Kontroller";
			packageProductDependencies = (
				6A0173C328FA19770008A6E8 /* JGProgressHUD */,
				6A0173C628FA19980008A6E8 /* Drops */,
				6A0173C928FA1ACC0008A6E8 /* SPConfetti */,
				6A0173CC28FA1AD80008A6E8 /* HGCircularSlider */,
				6ABC30B928FA1E9500525475 /* BluetoothPermission */,
				6ABC30D628FA47E600525475 /* CryptoSwift */,
			);
			productName = "Kush Kontroller";
			productReference = 6A01739C28FA0A690008A6E8 /* Kush Kontroller.app */;
			productType = "com.apple.product-type.application";
		};
/* End PBXNativeTarget section */

/* Begin PBXProject section */
		6A01739428FA0A680008A6E8 /* Project object */ = {
			isa = PBXProject;
			attributes = {
				BuildIndependentTargetsInParallel = 1;
				LastSwiftUpdateCheck = 1400;
				LastUpgradeCheck = 1400;
				TargetAttributes = {
					6A01739B28FA0A690008A6E8 = {
						CreatedOnToolsVersion = 14.0.1;
					};
				};
			};
			buildConfigurationList = 6A01739728FA0A680008A6E8 /* Build configuration list for PBXProject "Kush Kontroller" */;
			compatibilityVersion = "Xcode 14.0";
			developmentRegion = en;
			hasScannedForEncodings = 0;
			knownRegions = (
				en,
				Base,
			);
			mainGroup = 6A01739328FA0A680008A6E8;
			packageReferences = (
				6A0173C228FA19770008A6E8 /* XCRemoteSwiftPackageReference "JGProgressHUD" */,
				6A0173C528FA19980008A6E8 /* XCRemoteSwiftPackageReference "Drops" */,
				6A0173C828FA1ACC0008A6E8 /* XCRemoteSwiftPackageReference "SPConfetti" */,
				6A0173CB28FA1AD80008A6E8 /* XCRemoteSwiftPackageReference "HGCircularSlider" */,
				6ABC30B828FA1E9500525475 /* XCRemoteSwiftPackageReference "PermissionsKit" */,
				6ABC30D528FA47E600525475 /* XCRemoteSwiftPackageReference "CryptoSwift" */,
			);
			productRefGroup = 6A01739D28FA0A690008A6E8 /* Products */;
			projectDirPath = "";
			projectRoot = "";
			targets = (
				6A01739B28FA0A690008A6E8 /* Kush Kontroller */,
			);
		};
/* End PBXProject section */

/* Begin PBXResourcesBuildPhase section */
		6A01739A28FA0A690008A6E8 /* Resources */ = {
			isa = PBXResourcesBuildPhase;
			buildActionMask = 2147483647;
			files = (
				6ABC30BE28FA205B00525475 /* Supported Devices.plist in Resources */,
				6A0173AC28FA0A6A0008A6E8 /* LaunchScreen.storyboard in Resources */,
				6A0173A928FA0A6A0008A6E8 /* Assets.xcassets in Resources */,
				6A0173A728FA0A690008A6E8 /* Main.storyboard in Resources */,
				6A0173BF28FA15B40008A6E8 /* Devices.storyboard in Resources */,
				6A0173BC28FA13140008A6E8 /* Settings.storyboard in Resources */,
				6A0173D028FA1C870008A6E8 /* Pairing.storyboard in Resources */,
				6ABC30C328FA31E200525475 /* PairingPax.storyboard in Resources */,
			);
			runOnlyForDeploymentPostprocessing = 0;
		};
/* End PBXResourcesBuildPhase section */

/* Begin PBXSourcesBuildPhase section */
		6A01739828FA0A690008A6E8 /* Sources */ = {
			isa = PBXSourcesBuildPhase;
			buildActionMask = 2147483647;
			files = (
				6ABC30D228FA47C400525475 /* PaxDeviceProber.swift in Sources */,
				6ABC30DA28FA482900525475 /* DataHelpers.swift in Sources */,
				6ABC30D028FA47C400525475 /* PaxMessage.swift in Sources */,
				6A0173A028FA0A690008A6E8 /* AppDelegate.swift in Sources */,
				6ABC30C128FA2F2300525475 /* PaxPairingViewController.swift in Sources */,
				6A0173C128FA165F0008A6E8 /* DeviceTableViewController.swift in Sources */,
				6ABC30C528FA368500525475 /* PaxPairingTableViewController.swift in Sources */,
				6A0173A228FA0A690008A6E8 /* SceneDelegate.swift in Sources */,
				6ABC30D328FA47C400525475 /* Pax3Device.swift in Sources */,
				6ABC30BC28FA203700525475 /* SupportedDevicesTableViewController.swift in Sources */,
				6ABC30D128FA47C400525475 /* PaxDevice.swift in Sources */,
				6A0173D228FA1DAB0008A6E8 /* PairingViewController.swift in Sources */,
				6ABC30C728FA416400525475 /* PaxPairingCompletionViewController.swift in Sources */,
				6ABC30D428FA47C400525475 /* PaxEraDevice.swift in Sources */,
			);
			runOnlyForDeploymentPostprocessing = 0;
		};
/* End PBXSourcesBuildPhase section */

/* Begin PBXVariantGroup section */
		6A0173A528FA0A690008A6E8 /* Main.storyboard */ = {
			isa = PBXVariantGroup;
			children = (
				6A0173A628FA0A690008A6E8 /* Base */,
			);
			name = Main.storyboard;
			sourceTree = "<group>";
		};
		6A0173AA28FA0A6A0008A6E8 /* LaunchScreen.storyboard */ = {
			isa = PBXVariantGroup;
			children = (
				6A0173AB28FA0A6A0008A6E8 /* Base */,
			);
			name = LaunchScreen.storyboard;
			sourceTree = "<group>";
		};
/* End PBXVariantGroup section */

/* Begin XCBuildConfiguration section */
		6A0173AE28FA0A6A0008A6E8 /* Debug */ = {
			isa = XCBuildConfiguration;
			buildSettings = {
				ALWAYS_SEARCH_USER_PATHS = NO;
				CLANG_ANALYZER_NONNULL = YES;
				CLANG_ANALYZER_NUMBER_OBJECT_CONVERSION = YES_AGGRESSIVE;
				CLANG_CXX_LANGUAGE_STANDARD = "gnu++20";
				CLANG_ENABLE_MODULES = YES;
				CLANG_ENABLE_OBJC_ARC = YES;
				CLANG_ENABLE_OBJC_WEAK = YES;
				CLANG_WARN_BLOCK_CAPTURE_AUTORELEASING = YES;
				CLANG_WARN_BOOL_CONVERSION = YES;
				CLANG_WARN_COMMA = YES;
				CLANG_WARN_CONSTANT_CONVERSION = YES;
				CLANG_WARN_DEPRECATED_OBJC_IMPLEMENTATIONS = YES;
				CLANG_WARN_DIRECT_OBJC_ISA_USAGE = YES_ERROR;
				CLANG_WARN_DOCUMENTATION_COMMENTS = YES;
				CLANG_WARN_EMPTY_BODY = YES;
				CLANG_WARN_ENUM_CONVERSION = YES;
				CLANG_WARN_INFINITE_RECURSION = YES;
				CLANG_WARN_INT_CONVERSION = YES;
				CLANG_WARN_NON_LITERAL_NULL_CONVERSION = YES;
				CLANG_WARN_OBJC_IMPLICIT_RETAIN_SELF = YES;
				CLANG_WARN_OBJC_LITERAL_CONVERSION = YES;
				CLANG_WARN_OBJC_ROOT_CLASS = YES_ERROR;
				CLANG_WARN_QUOTED_INCLUDE_IN_FRAMEWORK_HEADER = YES;
				CLANG_WARN_RANGE_LOOP_ANALYSIS = YES;
				CLANG_WARN_STRICT_PROTOTYPES = YES;
				CLANG_WARN_SUSPICIOUS_MOVE = YES;
				CLANG_WARN_UNGUARDED_AVAILABILITY = YES_AGGRESSIVE;
				CLANG_WARN_UNREACHABLE_CODE = YES;
				CLANG_WARN__DUPLICATE_METHOD_MATCH = YES;
				COPY_PHASE_STRIP = NO;
				DEBUG_INFORMATION_FORMAT = dwarf;
				ENABLE_STRICT_OBJC_MSGSEND = YES;
				ENABLE_TESTABILITY = YES;
				GCC_C_LANGUAGE_STANDARD = gnu11;
				GCC_DYNAMIC_NO_PIC = NO;
				GCC_NO_COMMON_BLOCKS = YES;
				GCC_OPTIMIZATION_LEVEL = 0;
				GCC_PREPROCESSOR_DEFINITIONS = (
					"DEBUG=1",
					"$(inherited)",
				);
				GCC_WARN_64_TO_32_BIT_CONVERSION = YES;
				GCC_WARN_ABOUT_RETURN_TYPE = YES_ERROR;
				GCC_WARN_UNDECLARED_SELECTOR = YES;
				GCC_WARN_UNINITIALIZED_AUTOS = YES_AGGRESSIVE;
				GCC_WARN_UNUSED_FUNCTION = YES;
				GCC_WARN_UNUSED_VARIABLE = YES;
				IPHONEOS_DEPLOYMENT_TARGET = 16.0;
				MTL_ENABLE_DEBUG_INFO = INCLUDE_SOURCE;
				MTL_FAST_MATH = YES;
				ONLY_ACTIVE_ARCH = YES;
				SDKROOT = iphoneos;
				SWIFT_ACTIVE_COMPILATION_CONDITIONS = DEBUG;
				SWIFT_OPTIMIZATION_LEVEL = "-Onone";
			};
			name = Debug;
		};
		6A0173AF28FA0A6A0008A6E8 /* Release */ = {
			isa = XCBuildConfiguration;
			buildSettings = {
				ALWAYS_SEARCH_USER_PATHS = NO;
				CLANG_ANALYZER_NONNULL = YES;
				CLANG_ANALYZER_NUMBER_OBJECT_CONVERSION = YES_AGGRESSIVE;
				CLANG_CXX_LANGUAGE_STANDARD = "gnu++20";
				CLANG_ENABLE_MODULES = YES;
				CLANG_ENABLE_OBJC_ARC = YES;
				CLANG_ENABLE_OBJC_WEAK = YES;
				CLANG_WARN_BLOCK_CAPTURE_AUTORELEASING = YES;
				CLANG_WARN_BOOL_CONVERSION = YES;
				CLANG_WARN_COMMA = YES;
				CLANG_WARN_CONSTANT_CONVERSION = YES;
				CLANG_WARN_DEPRECATED_OBJC_IMPLEMENTATIONS = YES;
				CLANG_WARN_DIRECT_OBJC_ISA_USAGE = YES_ERROR;
				CLANG_WARN_DOCUMENTATION_COMMENTS = YES;
				CLANG_WARN_EMPTY_BODY = YES;
				CLANG_WARN_ENUM_CONVERSION = YES;
				CLANG_WARN_INFINITE_RECURSION = YES;
				CLANG_WARN_INT_CONVERSION = YES;
				CLANG_WARN_NON_LITERAL_NULL_CONVERSION = YES;
				CLANG_WARN_OBJC_IMPLICIT_RETAIN_SELF = YES;
				CLANG_WARN_OBJC_LITERAL_CONVERSION = YES;
				CLANG_WARN_OBJC_ROOT_CLASS = YES_ERROR;
				CLANG_WARN_QUOTED_INCLUDE_IN_FRAMEWORK_HEADER = YES;
				CLANG_WARN_RANGE_LOOP_ANALYSIS = YES;
				CLANG_WARN_STRICT_PROTOTYPES = YES;
				CLANG_WARN_SUSPICIOUS_MOVE = YES;
				CLANG_WARN_UNGUARDED_AVAILABILITY = YES_AGGRESSIVE;
				CLANG_WARN_UNREACHABLE_CODE = YES;
				CLANG_WARN__DUPLICATE_METHOD_MATCH = YES;
				COPY_PHASE_STRIP = NO;
				DEBUG_INFORMATION_FORMAT = "dwarf-with-dsym";
				ENABLE_NS_ASSERTIONS = NO;
				ENABLE_STRICT_OBJC_MSGSEND = YES;
				GCC_C_LANGUAGE_STANDARD = gnu11;
				GCC_NO_COMMON_BLOCKS = YES;
				GCC_WARN_64_TO_32_BIT_CONVERSION = YES;
				GCC_WARN_ABOUT_RETURN_TYPE = YES_ERROR;
				GCC_WARN_UNDECLARED_SELECTOR = YES;
				GCC_WARN_UNINITIALIZED_AUTOS = YES_AGGRESSIVE;
				GCC_WARN_UNUSED_FUNCTION = YES;
				GCC_WARN_UNUSED_VARIABLE = YES;
				IPHONEOS_DEPLOYMENT_TARGET = 16.0;
				MTL_ENABLE_DEBUG_INFO = NO;
				MTL_FAST_MATH = YES;
				SDKROOT = iphoneos;
				SWIFT_COMPILATION_MODE = wholemodule;
				SWIFT_OPTIMIZATION_LEVEL = "-O";
				VALIDATE_PRODUCT = YES;
			};
			name = Release;
		};
		6A0173B128FA0A6A0008A6E8 /* Debug */ = {
			isa = XCBuildConfiguration;
			buildSettings = {
				ASSETCATALOG_COMPILER_APPICON_NAME = AppIcon;
				ASSETCATALOG_COMPILER_GLOBAL_ACCENT_COLOR_NAME = AccentColor;
				CODE_SIGN_STYLE = Automatic;
				CURRENT_PROJECT_VERSION = 1;
				DEVELOPMENT_TEAM = 8QDQ246B94;
				GENERATE_INFOPLIST_FILE = YES;
				INFOPLIST_FILE = "Kush Kontroller/Assets/Info.plist";
				INFOPLIST_KEY_LSApplicationCategoryType = "public.app-category.lifestyle";
				INFOPLIST_KEY_NSBluetoothAlwaysUsageDescription = "Required to communicate with Bluetooth vaporizers";
				INFOPLIST_KEY_NSBluetoothPeripheralUsageDescription = "Required to communicate with Bluetooth vaporizers";
				INFOPLIST_KEY_UIApplicationSupportsIndirectInputEvents = YES;
				INFOPLIST_KEY_UILaunchStoryboardName = LaunchScreen;
				INFOPLIST_KEY_UIMainStoryboardFile = Main;
				INFOPLIST_KEY_UISupportedInterfaceOrientations = UIInterfaceOrientationPortrait;
				INFOPLIST_KEY_UISupportedInterfaceOrientations_iPad = "UIInterfaceOrientationLandscapeLeft UIInterfaceOrientationLandscapeRight UIInterfaceOrientationPortrait UIInterfaceOrientationPortraitUpsideDown";
				LD_RUNPATH_SEARCH_PATHS = (
					"$(inherited)",
					"@executable_path/Frameworks",
				);
				MARKETING_VERSION = 1.0;
				PRODUCT_BUNDLE_IDENTIFIER = me.blraaz.kushkontroller;
				PRODUCT_NAME = "$(TARGET_NAME)";
				SWIFT_EMIT_LOC_STRINGS = YES;
				SWIFT_VERSION = 5.0;
				TARGETED_DEVICE_FAMILY = "1,2";
			};
			name = Debug;
		};
		6A0173B228FA0A6A0008A6E8 /* Release */ = {
			isa = XCBuildConfiguration;
			buildSettings = {
				ASSETCATALOG_COMPILER_APPICON_NAME = AppIcon;
				ASSETCATALOG_COMPILER_GLOBAL_ACCENT_COLOR_NAME = AccentColor;
				CODE_SIGN_STYLE = Automatic;
				CURRENT_PROJECT_VERSION = 1;
				DEVELOPMENT_TEAM = 8QDQ246B94;
				GENERATE_INFOPLIST_FILE = YES;
				INFOPLIST_FILE = "Kush Kontroller/Assets/Info.plist";
				INFOPLIST_KEY_LSApplicationCategoryType = "public.app-category.lifestyle";
				INFOPLIST_KEY_NSBluetoothAlwaysUsageDescription = "Required to communicate with Bluetooth vaporizers";
				INFOPLIST_KEY_NSBluetoothPeripheralUsageDescription = "Required to communicate with Bluetooth vaporizers";
				INFOPLIST_KEY_UIApplicationSupportsIndirectInputEvents = YES;
				INFOPLIST_KEY_UILaunchStoryboardName = LaunchScreen;
				INFOPLIST_KEY_UIMainStoryboardFile = Main;
				INFOPLIST_KEY_UISupportedInterfaceOrientations = UIInterfaceOrientationPortrait;
				INFOPLIST_KEY_UISupportedInterfaceOrientations_iPad = "UIInterfaceOrientationLandscapeLeft UIInterfaceOrientationLandscapeRight UIInterfaceOrientationPortrait UIInterfaceOrientationPortraitUpsideDown";
				LD_RUNPATH_SEARCH_PATHS = (
					"$(inherited)",
					"@executable_path/Frameworks",
				);
				MARKETING_VERSION = 1.0;
				PRODUCT_BUNDLE_IDENTIFIER = me.blraaz.kushkontroller;
				PRODUCT_NAME = "$(TARGET_NAME)";
				SWIFT_EMIT_LOC_STRINGS = YES;
				SWIFT_VERSION = 5.0;
				TARGETED_DEVICE_FAMILY = "1,2";
			};
			name = Release;
		};
/* End XCBuildConfiguration section */

/* Begin XCConfigurationList section */
		6A01739728FA0A680008A6E8 /* Build configuration list for PBXProject "Kush Kontroller" */ = {
			isa = XCConfigurationList;
			buildConfigurations = (
				6A0173AE28FA0A6A0008A6E8 /* Debug */,
				6A0173AF28FA0A6A0008A6E8 /* Release */,
			);
			defaultConfigurationIsVisible = 0;
			defaultConfigurationName = Release;
		};
		6A0173B028FA0A6A0008A6E8 /* Build configuration list for PBXNativeTarget "Kush Kontroller" */ = {
			isa = XCConfigurationList;
			buildConfigurations = (
				6A0173B128FA0A6A0008A6E8 /* Debug */,
				6A0173B228FA0A6A0008A6E8 /* Release */,
			);
			defaultConfigurationIsVisible = 0;
			defaultConfigurationName = Release;
		};
/* End XCConfigurationList section */

/* Begin XCRemoteSwiftPackageReference section */
		6A0173C228FA19770008A6E8 /* XCRemoteSwiftPackageReference "JGProgressHUD" */ = {
			isa = XCRemoteSwiftPackageReference;
			repositoryURL = "https://github.com/JonasGessner/JGProgressHUD.git";
			requirement = {
				kind = upToNextMajorVersion;
				minimumVersion = 2.0.0;
			};
		};
		6A0173C528FA19980008A6E8 /* XCRemoteSwiftPackageReference "Drops" */ = {
			isa = XCRemoteSwiftPackageReference;
			repositoryURL = "https://github.com/omaralbeik/Drops.git";
			requirement = {
				kind = upToNextMajorVersion;
				minimumVersion = 1.0.0;
			};
		};
		6A0173C828FA1ACC0008A6E8 /* XCRemoteSwiftPackageReference "SPConfetti" */ = {
			isa = XCRemoteSwiftPackageReference;
			repositoryURL = "https://github.com/ivanvorobei/SPConfetti";
			requirement = {
				kind = upToNextMajorVersion;
				minimumVersion = 1.0.0;
			};
		};
		6A0173CB28FA1AD80008A6E8 /* XCRemoteSwiftPackageReference "HGCircularSlider" */ = {
			isa = XCRemoteSwiftPackageReference;
			repositoryURL = "https://github.com/HamzaGhazouani/HGCircularSlider";
			requirement = {
				kind = upToNextMajorVersion;
				minimumVersion = 2.0.0;
			};
		};
		6ABC30B828FA1E9500525475 /* XCRemoteSwiftPackageReference "PermissionsKit" */ = {
			isa = XCRemoteSwiftPackageReference;
			repositoryURL = "https://github.com/sparrowcode/PermissionsKit";
			requirement = {
				kind = upToNextMajorVersion;
				minimumVersion = 9.0.0;
			};
		};
		6ABC30D528FA47E600525475 /* XCRemoteSwiftPackageReference "CryptoSwift" */ = {
			isa = XCRemoteSwiftPackageReference;
			repositoryURL = "https://github.com/krzyzanowskim/CryptoSwift";
			requirement = {
				kind = upToNextMajorVersion;
				minimumVersion = 1.0.0;
			};
		};
/* End XCRemoteSwiftPackageReference section */

/* Begin XCSwiftPackageProductDependency section */
		6A0173C328FA19770008A6E8 /* JGProgressHUD */ = {
			isa = XCSwiftPackageProductDependency;
			package = 6A0173C228FA19770008A6E8 /* XCRemoteSwiftPackageReference "JGProgressHUD" */;
			productName = JGProgressHUD;
		};
		6A0173C628FA19980008A6E8 /* Drops */ = {
			isa = XCSwiftPackageProductDependency;
			package = 6A0173C528FA19980008A6E8 /* XCRemoteSwiftPackageReference "Drops" */;
			productName = Drops;
		};
		6A0173C928FA1ACC0008A6E8 /* SPConfetti */ = {
			isa = XCSwiftPackageProductDependency;
			package = 6A0173C828FA1ACC0008A6E8 /* XCRemoteSwiftPackageReference "SPConfetti" */;
			productName = SPConfetti;
		};
		6A0173CC28FA1AD80008A6E8 /* HGCircularSlider */ = {
			isa = XCSwiftPackageProductDependency;
			package = 6A0173CB28FA1AD80008A6E8 /* XCRemoteSwiftPackageReference "HGCircularSlider" */;
			productName = HGCircularSlider;
		};
		6ABC30B928FA1E9500525475 /* BluetoothPermission */ = {
			isa = XCSwiftPackageProductDependency;
			package = 6ABC30B828FA1E9500525475 /* XCRemoteSwiftPackageReference "PermissionsKit" */;
			productName = BluetoothPermission;
		};
		6ABC30D628FA47E600525475 /* CryptoSwift */ = {
			isa = XCSwiftPackageProductDependency;
			package = 6ABC30D528FA47E600525475 /* XCRemoteSwiftPackageReference "CryptoSwift" */;
			productName = CryptoSwift;
		};
/* End XCSwiftPackageProductDependency section */
	};
	rootObject = 6A01739428FA0A680008A6E8 /* Project object */;
}
